
Microsoft Visual Studio Solution File, Format Version 12.00
# Visual Studio Version 17
VisualStudioVersion = 17.8.34525.116
MinimumVisualStudioVersion = 10.0.40219.1
Project("{9A19103F-16F7-4668-BE54-9A1E7A4F7556}") = "MilestoneMotorsWebApp.App", "src\MilestoneMotorsWebApp.App\MilestoneMotorsWebApp.App.csproj", "{1D59AB3E-0093-452F-8213-B59A8ED44E8C}"
EndProject
Project("{9A19103F-16F7-4668-BE54-9A1E7A4F7556}") = "MilestoneMotorsWebApp.Business", "src\MilestoneMotorsWebApp.Business\MilestoneMotorsWebApp.Business.csproj", "{0DE49429-C5C7-4FC2-85F3-4936DF443EB9}"
EndProject
Project("{9A19103F-16F7-4668-BE54-9A1E7A4F7556}") = "MilestoneMotorsWebApp.Domain", "src\MilestoneMotorsWebApp.Domain\MilestoneMotorsWebApp.Domain.csproj", "{C5E1E8E2-F97D-4DBA-9283-0721972E465D}"
EndProject
Project("{9A19103F-16F7-4668-BE54-9A1E7A4F7556}") = "MilestoneMotorsWebApp.Infrastructure", "src\MilestoneMotorsWebApp.Infrastructure\MilestoneMotorsWebApp.Infrastructure.csproj", "{9E727D92-86FC-47F2-9082-334BE5A98A25}"
EndProject
Project("{9A19103F-16F7-4668-BE54-9A1E7A4F7556}") = "MilestoneMotorsWebApp.WebApi", "src\MilestoneMotorsWebApp.WebApi\MilestoneMotorsWebApp.WebApi.csproj", "{9D900801-3FAC-4B80-A5A1-E9AD1D78C8C5}"
EndProject
Global
	GlobalSection(SolutionConfigurationPlatforms) = preSolution
		Debug|Any CPU = Debug|Any CPU
		Release|Any CPU = Release|Any CPU
	EndGlobalSection
	GlobalSection(ProjectConfigurationPlatforms) = postSolution
		{1D59AB3E-0093-452F-8213-B59A8ED44E8C}.Debug|Any CPU.ActiveCfg = Debug|Any CPU
		{1D59AB3E-0093-452F-8213-B59A8ED44E8C}.Debug|Any CPU.Build.0 = Debug|Any CPU
		{1D59AB3E-0093-452F-8213-B59A8ED44E8C}.Release|Any CPU.ActiveCfg = Release|Any CPU
		{1D59AB3E-0093-452F-8213-B59A8ED44E8C}.Release|Any CPU.Build.0 = Release|Any CPU
		{0DE49429-C5C7-4FC2-85F3-4936DF443EB9}.Debug|Any CPU.ActiveCfg = Debug|Any CPU
		{0DE49429-C5C7-4FC2-85F3-4936DF443EB9}.Debug|Any CPU.Build.0 = Debug|Any CPU
		{0DE49429-C5C7-4FC2-85F3-4936DF443EB9}.Release|Any CPU.ActiveCfg = Release|Any CPU
		{0DE49429-C5C7-4FC2-85F3-4936DF443EB9}.Release|Any CPU.Build.0 = Release|Any CPU
		{C5E1E8E2-F97D-4DBA-9283-0721972E465D}.Debug|Any CPU.ActiveCfg = Debug|Any CPU
		{C5E1E8E2-F97D-4DBA-9283-0721972E465D}.Debug|Any CPU.Build.0 = Debug|Any CPU
		{C5E1E8E2-F97D-4DBA-9283-0721972E465D}.Release|Any CPU.ActiveCfg = Release|Any CPU
		{C5E1E8E2-F97D-4DBA-9283-0721972E465D}.Release|Any CPU.Build.0 = Release|Any CPU
		{9E727D92-86FC-47F2-9082-334BE5A98A25}.Debug|Any CPU.ActiveCfg = Debug|Any CPU
		{9E727D92-86FC-47F2-9082-334BE5A98A25}.Debug|Any CPU.Build.0 = Debug|Any CPU
		{9E727D92-86FC-47F2-9082-334BE5A98A25}.Release|Any CPU.ActiveCfg = Release|Any CPU
		{9E727D92-86FC-47F2-9082-334BE5A98A25}.Release|Any CPU.Build.0 = Release|Any CPU
		{9D900801-3FAC-4B80-A5A1-E9AD1D78C8C5}.Debug|Any CPU.ActiveCfg = Debug|Any CPU
		{9D900801-3FAC-4B80-A5A1-E9AD1D78C8C5}.Debug|Any CPU.Build.0 = Debug|Any CPU
		{9D900801-3FAC-4B80-A5A1-E9AD1D78C8C5}.Release|Any CPU.ActiveCfg = Release|Any CPU
		{9D900801-3FAC-4B80-A5A1-E9AD1D78C8C5}.Release|Any CPU.Build.0 = Release|Any CPU
	EndGlobalSection
	GlobalSection(SolutionProperties) = preSolution
		HideSolutionNode = FALSE
	EndGlobalSection
	GlobalSection(ExtensibilityGlobals) = postSolution
		SolutionGuid = {FC7A8232-FCC8-4A27-872F-3C5F31BC2FF9}
	EndGlobalSection
EndGlobal
